{
  "name": "art02",
  "lockfileVersion": 2,
  "requires": true,
  "packages": {
    "": {
      "dependencies": {
        "ccapture.js": "^1.1.0",
        "p5.grain": "^0.6.1"
      }
    },
    "node_modules/ccapture.js": {
      "version": "1.1.0",
      "resolved": "https://registry.npmjs.org/ccapture.js/-/ccapture.js-1.1.0.tgz",
      "integrity": "sha512-28kiHJzFsZ6b0OTfKpWpEwK2n/LTAgytK1uzB+413dzjHltdh2hP5Yg2qR0+9Xw3XoBMz5UkGCh8Ektr2rVlmw=="
    },
    "node_modules/p5.grain": {
      "version": "0.6.1",
      "resolved": "https://registry.npmjs.org/p5.grain/-/p5.grain-0.6.1.tgz",
      "integrity": "sha512-l3x9X4XpzxAZ5Lip03ncwzZ3yWr0Bxousm/RMaFIYohosTdywV/T68vSkNpHZfE++qm6mGmXoxjTC5HVJUJjvw=="
    }
  },
  "dependencies": {
    "ccapture.js": {
      "version": "1.1.0",
      "resolved": "https://registry.npmjs.org/ccapture.js/-/ccapture.js-1.1.0.tgz",
      "integrity": "sha512-28kiHJzFsZ6b0OTfKpWpEwK2n/LTAgytK1uzB+413dzjHltdh2hP5Yg2qR0+9Xw3XoBMz5UkGCh8Ektr2rVlmw=="
    },
    "p5.grain": {
      "version": "0.6.1",
      "resolved": "https://registry.npmjs.org/p5.grain/-/p5.grain-0.6.1.tgz",
      "integrity": "sha512-l3x9X4XpzxAZ5Lip03ncwzZ3yWr0Bxousm/RMaFIYohosTdywV/T68vSkNpHZfE++qm6mGmXoxjTC5HVJUJjvw=="
    }
  }
}
